
Microsoft Visual Studio Solution File, Format Version 12.00
# Visual Studio Version 16
VisualStudioVersion = 16.0.28803.156
MinimumVisualStudioVersion = 10.0.40219.1
Project("{FAE04EC0-301F-11D3-BF4B-00C04F79EFBC}") = "UnitTest", "UnitTest\UnitTest.csproj", "{8F93297E-80AA-4B24-BEF6-0321D760528C}"
EndProject
Project("{FAE04EC0-301F-11D3-BF4B-00C04F79EFBC}") = "ReportApp", "ReportApp\ReportApp.csproj", "{CA0B6FFE-9108-47AD-85C3-1B85ED33317A}"
EndProject
Project("{FAE04EC0-301F-11D3-BF4B-00C04F79EFBC}") = "0HDBChartModel", "..\..\HDB_Report1.0\HDBChartModel\0HDBChartModel.csproj", "{C91874D3-D2AC-46C6-80B6-A8FAC1B7EE3E}"
EndProject
Project("{FAE04EC0-301F-11D3-BF4B-00C04F79EFBC}") = "1HDBChartService", "..\..\HDB_Report1.0\HDBChartService\1HDBChartService.csproj", "{487F5EE6-9CCD-459C-9FA4-73488C40E906}"
EndProject
Project("{FAE04EC0-301F-11D3-BF4B-00C04F79EFBC}") = "2HDBChartBusiness", "..\..\HDB_Report1.0\HDBChartBusiness\2HDBChartBusiness.csproj", "{91F79DE8-8046-4FD9-A6F6-334E78A30599}"
EndProject
Project("{FAE04EC0-301F-11D3-BF4B-00C04F79EFBC}") = "3HDBChartWCF", "..\..\HDB_Report1.0\HDBChartWCF\3HDBChartWCF.csproj", "{1DFA8C5F-3860-4EA2-A7F6-20F99C61E27A}"
EndProject
Project("{FAE04EC0-301F-11D3-BF4B-00C04F79EFBC}") = "HDBChart.ServeAPP", "..\..\HDB_Report1.0\HDBChart.ServeAPP\HDBChart.ServeAPP.csproj", "{5EF3D891-9E82-4D07-B5CA-D073FA4696EE}"
EndProject
Project("{2150E333-8FDC-42A3-9474-1A3956D46DE8}") = "Deprecated", "Deprecated", "{E104F9C5-15CA-480C-B33D-86C5A127A449}"
EndProject
Project("{FAE04EC0-301F-11D3-BF4B-00C04F79EFBC}") = "ServerApp", "..\..\HDB_Report1.0\ServerApp\ServerApp.csproj", "{EC997AA6-C791-4310-A0A1-13DBA663B528}"
EndProject
Project("{2150E333-8FDC-42A3-9474-1A3956D46DE8}") = "4_APP", "4_APP", "{FDCFDD6A-8B0E-464D-8288-CDFB13E34927}"
EndProject
Project("{2150E333-8FDC-42A3-9474-1A3956D46DE8}") = "example", "example", "{9AE93068-0CE3-4FE6-B0CF-2FB628175608}"
EndProject
Project("{FAE04EC0-301F-11D3-BF4B-00C04F79EFBC}") = "Server", "Server\Server.csproj", "{E4F80A34-EE53-4280-A3F5-B908FDB28C05}"
EndProject
Project("{FAE04EC0-301F-11D3-BF4B-00C04F79EFBC}") = "Tool", "Tool\Tool.csproj", "{398E28B6-0AD1-48CD-B43E-E5078B0BC756}"
EndProject
Global
	GlobalSection(SolutionConfigurationPlatforms) = preSolution
		AppVeyor|Any CPU = AppVeyor|Any CPU
		AppVeyor|x86 = AppVeyor|x86
		Debug|Any CPU = Debug|Any CPU
		Debug|x86 = Debug|x86
		Release|Any CPU = Release|Any CPU
		Release|x86 = Release|x86
	EndGlobalSection
	GlobalSection(ProjectConfigurationPlatforms) = postSolution
		{8F93297E-80AA-4B24-BEF6-0321D760528C}.AppVeyor|Any CPU.ActiveCfg = Release|Any CPU
		{8F93297E-80AA-4B24-BEF6-0321D760528C}.AppVeyor|Any CPU.Build.0 = Release|Any CPU
		{8F93297E-80AA-4B24-BEF6-0321D760528C}.AppVeyor|x86.ActiveCfg = Debug|Any CPU
		{8F93297E-80AA-4B24-BEF6-0321D760528C}.AppVeyor|x86.Build.0 = Debug|Any CPU
		{8F93297E-80AA-4B24-BEF6-0321D760528C}.Debug|Any CPU.ActiveCfg = Debug|Any CPU
		{8F93297E-80AA-4B24-BEF6-0321D760528C}.Debug|Any CPU.Build.0 = Debug|Any CPU
		{8F93297E-80AA-4B24-BEF6-0321D760528C}.Debug|x86.ActiveCfg = Debug|Any CPU
		{8F93297E-80AA-4B24-BEF6-0321D760528C}.Debug|x86.Build.0 = Debug|Any CPU
		{8F93297E-80AA-4B24-BEF6-0321D760528C}.Release|Any CPU.ActiveCfg = Release|Any CPU
		{8F93297E-80AA-4B24-BEF6-0321D760528C}.Release|Any CPU.Build.0 = Release|Any CPU
		{8F93297E-80AA-4B24-BEF6-0321D760528C}.Release|x86.ActiveCfg = Release|Any CPU
		{8F93297E-80AA-4B24-BEF6-0321D760528C}.Release|x86.Build.0 = Release|Any CPU
		{CA0B6FFE-9108-47AD-85C3-1B85ED33317A}.AppVeyor|Any CPU.ActiveCfg = Release|Any CPU
		{CA0B6FFE-9108-47AD-85C3-1B85ED33317A}.AppVeyor|Any CPU.Build.0 = Release|Any CPU
		{CA0B6FFE-9108-47AD-85C3-1B85ED33317A}.AppVeyor|x86.ActiveCfg = Debug|Any CPU
		{CA0B6FFE-9108-47AD-85C3-1B85ED33317A}.AppVeyor|x86.Build.0 = Debug|Any CPU
		{CA0B6FFE-9108-47AD-85C3-1B85ED33317A}.Debug|Any CPU.ActiveCfg = Debug|Any CPU
		{CA0B6FFE-9108-47AD-85C3-1B85ED33317A}.Debug|Any CPU.Build.0 = Debug|Any CPU
		{CA0B6FFE-9108-47AD-85C3-1B85ED33317A}.Debug|x86.ActiveCfg = Debug|Any CPU
		{CA0B6FFE-9108-47AD-85C3-1B85ED33317A}.Debug|x86.Build.0 = Debug|Any CPU
		{CA0B6FFE-9108-47AD-85C3-1B85ED33317A}.Release|Any CPU.ActiveCfg = Release|Any CPU
		{CA0B6FFE-9108-47AD-85C3-1B85ED33317A}.Release|Any CPU.Build.0 = Release|Any CPU
		{CA0B6FFE-9108-47AD-85C3-1B85ED33317A}.Release|x86.ActiveCfg = Release|Any CPU
		{CA0B6FFE-9108-47AD-85C3-1B85ED33317A}.Release|x86.Build.0 = Release|Any CPU
		{C91874D3-D2AC-46C6-80B6-A8FAC1B7EE3E}.AppVeyor|Any CPU.ActiveCfg = Release|Any CPU
		{C91874D3-D2AC-46C6-80B6-A8FAC1B7EE3E}.AppVeyor|Any CPU.Build.0 = Release|Any CPU
		{C91874D3-D2AC-46C6-80B6-A8FAC1B7EE3E}.AppVeyor|x86.ActiveCfg = Debug|Any CPU
		{C91874D3-D2AC-46C6-80B6-A8FAC1B7EE3E}.AppVeyor|x86.Build.0 = Debug|Any CPU
		{C91874D3-D2AC-46C6-80B6-A8FAC1B7EE3E}.Debug|Any CPU.ActiveCfg = Debug|Any CPU
		{C91874D3-D2AC-46C6-80B6-A8FAC1B7EE3E}.Debug|Any CPU.Build.0 = Debug|Any CPU
		{C91874D3-D2AC-46C6-80B6-A8FAC1B7EE3E}.Debug|x86.ActiveCfg = Debug|Any CPU
		{C91874D3-D2AC-46C6-80B6-A8FAC1B7EE3E}.Debug|x86.Build.0 = Debug|Any CPU
		{C91874D3-D2AC-46C6-80B6-A8FAC1B7EE3E}.Release|Any CPU.ActiveCfg = Release|Any CPU
		{C91874D3-D2AC-46C6-80B6-A8FAC1B7EE3E}.Release|Any CPU.Build.0 = Release|Any CPU
		{C91874D3-D2AC-46C6-80B6-A8FAC1B7EE3E}.Release|x86.ActiveCfg = Release|Any CPU
		{C91874D3-D2AC-46C6-80B6-A8FAC1B7EE3E}.Release|x86.Build.0 = Release|Any CPU
		{487F5EE6-9CCD-459C-9FA4-73488C40E906}.AppVeyor|Any CPU.ActiveCfg = Release|Any CPU
		{487F5EE6-9CCD-459C-9FA4-73488C40E906}.AppVeyor|Any CPU.Build.0 = Release|Any CPU
		{487F5EE6-9CCD-459C-9FA4-73488C40E906}.AppVeyor|x86.ActiveCfg = Debug|Any CPU
		{487F5EE6-9CCD-459C-9FA4-73488C40E906}.AppVeyor|x86.Build.0 = Debug|Any CPU
		{487F5EE6-9CCD-459C-9FA4-73488C40E906}.Debug|Any CPU.ActiveCfg = Debug|Any CPU
		{487F5EE6-9CCD-459C-9FA4-73488C40E906}.Debug|Any CPU.Build.0 = Debug|Any CPU
		{487F5EE6-9CCD-459C-9FA4-73488C40E906}.Debug|x86.ActiveCfg = Debug|Any CPU
		{487F5EE6-9CCD-459C-9FA4-73488C40E906}.Debug|x86.Build.0 = Debug|Any CPU
		{487F5EE6-9CCD-459C-9FA4-73488C40E906}.Release|Any CPU.ActiveCfg = Release|Any CPU
		{487F5EE6-9CCD-459C-9FA4-73488C40E906}.Release|Any CPU.Build.0 = Release|Any CPU
		{487F5EE6-9CCD-459C-9FA4-73488C40E906}.Release|x86.ActiveCfg = Release|Any CPU
		{487F5EE6-9CCD-459C-9FA4-73488C40E906}.Release|x86.Build.0 = Release|Any CPU
		{91F79DE8-8046-4FD9-A6F6-334E78A30599}.AppVeyor|Any CPU.ActiveCfg = Release|Any CPU
		{91F79DE8-8046-4FD9-A6F6-334E78A30599}.AppVeyor|Any CPU.Build.0 = Release|Any CPU
		{91F79DE8-8046-4FD9-A6F6-334E78A30599}.AppVeyor|x86.ActiveCfg = Debug|Any CPU
		{91F79DE8-8046-4FD9-A6F6-334E78A30599}.AppVeyor|x86.Build.0 = Debug|Any CPU
		{91F79DE8-8046-4FD9-A6F6-334E78A30599}.Debug|Any CPU.ActiveCfg = Debug|Any CPU
		{91F79DE8-8046-4FD9-A6F6-334E78A30599}.Debug|Any CPU.Build.0 = Debug|Any CPU
		{91F79DE8-8046-4FD9-A6F6-334E78A30599}.Debug|x86.ActiveCfg = Debug|Any CPU
		{91F79DE8-8046-4FD9-A6F6-334E78A30599}.Debug|x86.Build.0 = Debug|Any CPU
		{91F79DE8-8046-4FD9-A6F6-334E78A30599}.Release|Any CPU.ActiveCfg = Release|Any CPU
		{91F79DE8-8046-4FD9-A6F6-334E78A30599}.Release|Any CPU.Build.0 = Release|Any CPU
		{91F79DE8-8046-4FD9-A6F6-334E78A30599}.Release|x86.ActiveCfg = Release|Any CPU
		{91F79DE8-8046-4FD9-A6F6-334E78A30599}.Release|x86.Build.0 = Release|Any CPU
		{1DFA8C5F-3860-4EA2-A7F6-20F99C61E27A}.AppVeyor|Any CPU.ActiveCfg = Release|Any CPU
		{1DFA8C5F-3860-4EA2-A7F6-20F99C61E27A}.AppVeyor|x86.ActiveCfg = Debug|Any CPU
		{1DFA8C5F-3860-4EA2-A7F6-20F99C61E27A}.Debug|Any CPU.ActiveCfg = Debug|Any CPU
		{1DFA8C5F-3860-4EA2-A7F6-20F99C61E27A}.Debug|Any CPU.Build.0 = Debug|Any CPU
		{1DFA8C5F-3860-4EA2-A7F6-20F99C61E27A}.Debug|x86.ActiveCfg = Debug|Any CPU
		{1DFA8C5F-3860-4EA2-A7F6-20F99C61E27A}.Release|Any CPU.ActiveCfg = Release|Any CPU
		{1DFA8C5F-3860-4EA2-A7F6-20F99C61E27A}.Release|Any CPU.Build.0 = Release|Any CPU
		{1DFA8C5F-3860-4EA2-A7F6-20F99C61E27A}.Release|x86.ActiveCfg = Release|Any CPU
		{5EF3D891-9E82-4D07-B5CA-D073FA4696EE}.AppVeyor|Any CPU.ActiveCfg = Release|Any CPU
		{5EF3D891-9E82-4D07-B5CA-D073FA4696EE}.AppVeyor|Any CPU.Build.0 = Release|Any CPU
		{5EF3D891-9E82-4D07-B5CA-D073FA4696EE}.AppVeyor|x86.ActiveCfg = Debug|Any CPU
		{5EF3D891-9E82-4D07-B5CA-D073FA4696EE}.AppVeyor|x86.Build.0 = Debug|Any CPU
		{5EF3D891-9E82-4D07-B5CA-D073FA4696EE}.Debug|Any CPU.ActiveCfg = Debug|Any CPU
		{5EF3D891-9E82-4D07-B5CA-D073FA4696EE}.Debug|Any CPU.Build.0 = Debug|Any CPU
		{5EF3D891-9E82-4D07-B5CA-D073FA4696EE}.Debug|x86.ActiveCfg = Debug|Any CPU
		{5EF3D891-9E82-4D07-B5CA-D073FA4696EE}.Debug|x86.Build.0 = Debug|Any CPU
		{5EF3D891-9E82-4D07-B5CA-D073FA4696EE}.Release|Any CPU.ActiveCfg = Release|Any CPU
		{5EF3D891-9E82-4D07-B5CA-D073FA4696EE}.Release|Any CPU.Build.0 = Release|Any CPU
		{5EF3D891-9E82-4D07-B5CA-D073FA4696EE}.Release|x86.ActiveCfg = Release|Any CPU
		{5EF3D891-9E82-4D07-B5CA-D073FA4696EE}.Release|x86.Build.0 = Release|Any CPU
		{EC997AA6-C791-4310-A0A1-13DBA663B528}.AppVeyor|Any CPU.ActiveCfg = Release|Any CPU
		{EC997AA6-C791-4310-A0A1-13DBA663B528}.AppVeyor|Any CPU.Build.0 = Release|Any CPU
		{EC997AA6-C791-4310-A0A1-13DBA663B528}.AppVeyor|x86.ActiveCfg = Debug|Any CPU
		{EC997AA6-C791-4310-A0A1-13DBA663B528}.Debug|Any CPU.ActiveCfg = Debug|Any CPU
		{EC997AA6-C791-4310-A0A1-13DBA663B528}.Debug|Any CPU.Build.0 = Debug|Any CPU
		{EC997AA6-C791-4310-A0A1-13DBA663B528}.Debug|x86.ActiveCfg = Debug|Any CPU
		{EC997AA6-C791-4310-A0A1-13DBA663B528}.Release|Any CPU.ActiveCfg = Release|Any CPU
		{EC997AA6-C791-4310-A0A1-13DBA663B528}.Release|Any CPU.Build.0 = Release|Any CPU
		{EC997AA6-C791-4310-A0A1-13DBA663B528}.Release|x86.ActiveCfg = Release|Any CPU
		{E4F80A34-EE53-4280-A3F5-B908FDB28C05}.AppVeyor|Any CPU.ActiveCfg = Release|Any CPU
		{E4F80A34-EE53-4280-A3F5-B908FDB28C05}.AppVeyor|Any CPU.Build.0 = Release|Any CPU
		{E4F80A34-EE53-4280-A3F5-B908FDB28C05}.AppVeyor|x86.ActiveCfg = Release|x86
		{E4F80A34-EE53-4280-A3F5-B908FDB28C05}.AppVeyor|x86.Build.0 = Release|x86
		{E4F80A34-EE53-4280-A3F5-B908FDB28C05}.Debug|Any CPU.ActiveCfg = Debug|Any CPU
		{E4F80A34-EE53-4280-A3F5-B908FDB28C05}.Debug|Any CPU.Build.0 = Debug|Any CPU
		{E4F80A34-EE53-4280-A3F5-B908FDB28C05}.Debug|x86.ActiveCfg = Debug|Any CPU
		{E4F80A34-EE53-4280-A3F5-B908FDB28C05}.Debug|x86.Build.0 = Debug|Any CPU
		{E4F80A34-EE53-4280-A3F5-B908FDB28C05}.Release|Any CPU.ActiveCfg = Release|Any CPU
		{E4F80A34-EE53-4280-A3F5-B908FDB28C05}.Release|Any CPU.Build.0 = Release|Any CPU
		{E4F80A34-EE53-4280-A3F5-B908FDB28C05}.Release|x86.ActiveCfg = Release|x86
		{E4F80A34-EE53-4280-A3F5-B908FDB28C05}.Release|x86.Build.0 = Release|x86
		{398E28B6-0AD1-48CD-B43E-E5078B0BC756}.AppVeyor|Any CPU.ActiveCfg = Release|Any CPU
		{398E28B6-0AD1-48CD-B43E-E5078B0BC756}.AppVeyor|Any CPU.Build.0 = Release|Any CPU
		{398E28B6-0AD1-48CD-B43E-E5078B0BC756}.AppVeyor|x86.ActiveCfg = Release|Any CPU
		{398E28B6-0AD1-48CD-B43E-E5078B0BC756}.AppVeyor|x86.Build.0 = Release|Any CPU
		{398E28B6-0AD1-48CD-B43E-E5078B0BC756}.Debug|Any CPU.ActiveCfg = Debug|Any CPU
		{398E28B6-0AD1-48CD-B43E-E5078B0BC756}.Debug|Any CPU.Build.0 = Debug|Any CPU
		{398E28B6-0AD1-48CD-B43E-E5078B0BC756}.Debug|x86.ActiveCfg = Debug|Any CPU
		{398E28B6-0AD1-48CD-B43E-E5078B0BC756}.Debug|x86.Build.0 = Debug|Any CPU
		{398E28B6-0AD1-48CD-B43E-E5078B0BC756}.Release|Any CPU.ActiveCfg = Release|Any CPU
		{398E28B6-0AD1-48CD-B43E-E5078B0BC756}.Release|Any CPU.Build.0 = Release|Any CPU
		{398E28B6-0AD1-48CD-B43E-E5078B0BC756}.Release|x86.ActiveCfg = Release|Any CPU
		{398E28B6-0AD1-48CD-B43E-E5078B0BC756}.Release|x86.Build.0 = Release|Any CPU
	EndGlobalSection
	GlobalSection(SolutionProperties) = preSolution
		HideSolutionNode = FALSE
	EndGlobalSection
	GlobalSection(NestedProjects) = preSolution
		{C91874D3-D2AC-46C6-80B6-A8FAC1B7EE3E} = {E104F9C5-15CA-480C-B33D-86C5A127A449}
		{487F5EE6-9CCD-459C-9FA4-73488C40E906} = {E104F9C5-15CA-480C-B33D-86C5A127A449}
		{91F79DE8-8046-4FD9-A6F6-334E78A30599} = {E104F9C5-15CA-480C-B33D-86C5A127A449}
		{1DFA8C5F-3860-4EA2-A7F6-20F99C61E27A} = {E104F9C5-15CA-480C-B33D-86C5A127A449}
		{5EF3D891-9E82-4D07-B5CA-D073FA4696EE} = {E104F9C5-15CA-480C-B33D-86C5A127A449}
		{E104F9C5-15CA-480C-B33D-86C5A127A449} = {9AE93068-0CE3-4FE6-B0CF-2FB628175608}
		{EC997AA6-C791-4310-A0A1-13DBA663B528} = {FDCFDD6A-8B0E-464D-8288-CDFB13E34927}
		{FDCFDD6A-8B0E-464D-8288-CDFB13E34927} = {9AE93068-0CE3-4FE6-B0CF-2FB628175608}
	EndGlobalSection
	GlobalSection(ExtensibilityGlobals) = postSolution
		SolutionGuid = {6425E956-27FF-43CF-B77F-F908F5E434FF}
	EndGlobalSection
EndGlobal
